
Microsoft Visual Studio Solution File, Format Version 12.00
# Visual Studio Version 17
VisualStudioVersion = 17.5.002.0
MinimumVisualStudioVersion = 10.0.40219.1
Project("{9A19103F-16F7-4668-BE54-9A1E7A4F7556}") = "SimplyApiGateway", "SimplyApiGateway\SimplyApiGateway.csproj", "{6898FCAF-10C7-4E87-A9B7-DEE7C48C14A7}"
EndProject
Project("{9A19103F-16F7-4668-BE54-9A1E7A4F7556}") = "ApiTest1", "ApiTest1\ApiTest1.csproj", "{77BD7FD2-1950-45EA-9835-237D17EE15C1}"
EndProject
Project("{9A19103F-16F7-4668-BE54-9A1E7A4F7556}") = "ApiAuth", "ApiAuth\ApiAuth.csproj", "{BDCAA2D8-AE35-453B-A681-16E0C98D3B88}"
	ProjectSection(ProjectDependencies) = postProject
		{D3B6A821-B7DB-48B9-A3E7-0C4880EDB0C6} = {D3B6A821-B7DB-48B9-A3E7-0C4880EDB0C6}
	EndProjectSection
EndProject
Project("{FAE04EC0-301F-11D3-BF4B-00C04F79EFBC}") = "JwtTokenAuthentication", "JwtTokenAuthentication\JwtTokenAuthentication.csproj", "{D3B6A821-B7DB-48B9-A3E7-0C4880EDB0C6}"
EndProject
Global
	GlobalSection(SolutionConfigurationPlatforms) = preSolution
		Debug|Any CPU = Debug|Any CPU
		Release|Any CPU = Release|Any CPU
	EndGlobalSection
	GlobalSection(ProjectConfigurationPlatforms) = postSolution
		{6898FCAF-10C7-4E87-A9B7-DEE7C48C14A7}.Debug|Any CPU.ActiveCfg = Debug|Any CPU
		{6898FCAF-10C7-4E87-A9B7-DEE7C48C14A7}.Debug|Any CPU.Build.0 = Debug|Any CPU
		{6898FCAF-10C7-4E87-A9B7-DEE7C48C14A7}.Release|Any CPU.ActiveCfg = Release|Any CPU
		{6898FCAF-10C7-4E87-A9B7-DEE7C48C14A7}.Release|Any CPU.Build.0 = Release|Any CPU
		{77BD7FD2-1950-45EA-9835-237D17EE15C1}.Debug|Any CPU.ActiveCfg = Debug|Any CPU
		{77BD7FD2-1950-45EA-9835-237D17EE15C1}.Debug|Any CPU.Build.0 = Debug|Any CPU
		{77BD7FD2-1950-45EA-9835-237D17EE15C1}.Release|Any CPU.ActiveCfg = Release|Any CPU
		{77BD7FD2-1950-45EA-9835-237D17EE15C1}.Release|Any CPU.Build.0 = Release|Any CPU
		{BDCAA2D8-AE35-453B-A681-16E0C98D3B88}.Debug|Any CPU.ActiveCfg = Debug|Any CPU
		{BDCAA2D8-AE35-453B-A681-16E0C98D3B88}.Debug|Any CPU.Build.0 = Debug|Any CPU
		{BDCAA2D8-AE35-453B-A681-16E0C98D3B88}.Release|Any CPU.ActiveCfg = Release|Any CPU
		{BDCAA2D8-AE35-453B-A681-16E0C98D3B88}.Release|Any CPU.Build.0 = Release|Any CPU
		{D3B6A821-B7DB-48B9-A3E7-0C4880EDB0C6}.Debug|Any CPU.ActiveCfg = Debug|Any CPU
		{D3B6A821-B7DB-48B9-A3E7-0C4880EDB0C6}.Debug|Any CPU.Build.0 = Debug|Any CPU
		{D3B6A821-B7DB-48B9-A3E7-0C4880EDB0C6}.Release|Any CPU.ActiveCfg = Release|Any CPU
		{D3B6A821-B7DB-48B9-A3E7-0C4880EDB0C6}.Release|Any CPU.Build.0 = Release|Any CPU
	EndGlobalSection
	GlobalSection(SolutionProperties) = preSolution
		HideSolutionNode = FALSE
	EndGlobalSection
	GlobalSection(ExtensibilityGlobals) = postSolution
		SolutionGuid = {36E35EE5-BE2D-4F0E-A448-733BA2320B83}
	EndGlobalSection
EndGlobal
